// !$*UTF8*$!
{
	archiveVersion = 1;
	classes = {
	};
	objectVersion = 77;
	objects = {

/* Begin PBXBuildFile section */
		4C69E40E2F2584AC00B465F3 /* P256K in Frameworks */ = {isa = PBXBuildFile; productRef = 4C69E40D2F2584AC00B465F3 /* P256K */; };
/* End PBXBuildFile section */

/* Begin PBXContainerItemProxy section */
		4CEA866D2F25731E00925457 /* PBXContainerItemProxy */ = {
			isa = PBXContainerItemProxy;
			containerPortal = 4CEA86522F25731D00925457 /* Project object */;
			proxyType = 1;
			remoteGlobalIDString = 4CEA86592F25731D00925457;
			remoteInfo = Enclave;
		};
		4CEA86772F25731E00925457 /* PBXContainerItemProxy */ = {
			isa = PBXContainerItemProxy;
			containerPortal = 4CEA86522F25731D00925457 /* Project object */;
			proxyType = 1;
			remoteGlobalIDString = 4CEA86592F25731D00925457;
			remoteInfo = Enclave;
		};
/* End PBXContainerItemProxy section */

/* Begin PBXFileReference section */
		4CEA865A2F25731D00925457 /* Enclave Bridge.app */ = {isa = PBXFileReference; explicitFileType = wrapper.application; includeInIndex = 0; path = "Enclave Bridge.app"; sourceTree = BUILT_PRODUCTS_DIR; };
		4CEA866C2F25731E00925457 /* Enclave BridgeTests.xctest */ = {isa = PBXFileReference; explicitFileType = wrapper.cfbundle; includeInIndex = 0; path = "Enclave BridgeTests.xctest"; sourceTree = BUILT_PRODUCTS_DIR; };
		4CEA86762F25731E00925457 /* Enclave BridgeUITests.xctest */ = {isa = PBXFileReference; explicitFileType = wrapper.cfbundle; includeInIndex = 0; path = "Enclave BridgeUITests.xctest"; sourceTree = BUILT_PRODUCTS_DIR; };
/* End PBXFileReference section */

/* Begin PBXFileSystemSynchronizedRootGroup section */
		4CEA865C2F25731D00925457 /* EnclaveBridge */ = {
			isa = PBXFileSystemSynchronizedRootGroup;
			path = EnclaveBridge;
			sourceTree = "<group>";
		};
		4CEA866F2F25731E00925457 /* EnclaveBridgeTests */ = {
			isa = PBXFileSystemSynchronizedRootGroup;
			path = EnclaveBridgeTests;
			sourceTree = "<group>";
		};
		4CEA86792F25731E00925457 /* EnclaveBridgeUITests */ = {
			isa = PBXFileSystemSynchronizedRootGroup;
			path = EnclaveBridgeUITests;
			sourceTree = "<group>";
		};
/* End PBXFileSystemSynchronizedRootGroup section */

/* Begin PBXFrameworksBuildPhase section */
		4CEA86572F25731D00925457 /* Frameworks */ = {
			isa = PBXFrameworksBuildPhase;
			buildActionMask = 2147483647;
			files = (
				4C69E40E2F2584AC00B465F3 /* P256K in Frameworks */,
			);
			runOnlyForDeploymentPostprocessing = 0;
		};
		4CEA86692F25731E00925457 /* Frameworks */ = {
			isa = PBXFrameworksBuildPhase;
			buildActionMask = 2147483647;
			files = (
			);
			runOnlyForDeploymentPostprocessing = 0;
		};
		4CEA86732F25731E00925457 /* Frameworks */ = {
			isa = PBXFrameworksBuildPhase;
			buildActionMask = 2147483647;
			files = (
			);
			runOnlyForDeploymentPostprocessing = 0;
		};
/* End PBXFrameworksBuildPhase section */

/* Begin PBXGroup section */
		4C69E40F2F25870500B465F3 /* Frameworks */ = {
			isa = PBXGroup;
			children = (
			);
			name = Frameworks;
			sourceTree = "<group>";
		};
		4CEA86512F25731D00925457 = {
			isa = PBXGroup;
			children = (
				4CEA865C2F25731D00925457 /* EnclaveBridge */,
				4CEA866F2F25731E00925457 /* EnclaveBridgeTests */,
				4CEA86792F25731E00925457 /* EnclaveBridgeUITests */,
				4C69E40F2F25870500B465F3 /* Frameworks */,
				4CEA865B2F25731D00925457 /* Products */,
			);
			sourceTree = "<group>";
		};
		4CEA865B2F25731D00925457 /* Products */ = {
			isa = PBXGroup;
			children = (
				4CEA865A2F25731D00925457 /* Enclave Bridge.app */,
				4CEA866C2F25731E00925457 /* Enclave BridgeTests.xctest */,
				4CEA86762F25731E00925457 /* Enclave BridgeUITests.xctest */,
			);
			name = Products;
			sourceTree = "<group>";
		};
/* End PBXGroup section */

/* Begin PBXNativeTarget section */
		4CEA86592F25731D00925457 /* Enclave Bridge */ = {
			isa = PBXNativeTarget;
			buildConfigurationList = 4CEA86802F25731E00925457 /* Build configuration list for PBXNativeTarget "Enclave Bridge" */;
			buildPhases = (
				4CEA86562F25731D00925457 /* Sources */,
				4CEA86572F25731D00925457 /* Frameworks */,
				4CEA86582F25731D00925457 /* Resources */,
			);
			buildRules = (
			);
			dependencies = (
			);
			fileSystemSynchronizedGroups = (
				4CEA865C2F25731D00925457 /* EnclaveBridge */,
			);
			name = "Enclave Bridge";
			packageProductDependencies = (
				4C69E40D2F2584AC00B465F3 /* P256K */,
			);
			productName = Enclave;
			productReference = 4CEA865A2F25731D00925457 /* Enclave Bridge.app */;
			productType = "com.apple.product-type.application";
		};
		4CEA866B2F25731E00925457 /* Enclave BridgeTests */ = {
			isa = PBXNativeTarget;
			buildConfigurationList = 4CEA86832F25731E00925457 /* Build configuration list for PBXNativeTarget "Enclave BridgeTests" */;
			buildPhases = (
				4CEA86682F25731E00925457 /* Sources */,
				4CEA86692F25731E00925457 /* Frameworks */,
				4CEA866A2F25731E00925457 /* Resources */,
			);
			buildRules = (
			);
			dependencies = (
				4CEA866E2F25731E00925457 /* PBXTargetDependency */,
			);
			fileSystemSynchronizedGroups = (
				4CEA866F2F25731E00925457 /* EnclaveBridgeTests */,
			);
			name = "Enclave BridgeTests";
			packageProductDependencies = (
			);
			productName = EnclaveTests;
			productReference = 4CEA866C2F25731E00925457 /* Enclave BridgeTests.xctest */;
			productType = "com.apple.product-type.bundle.unit-test";
		};
		4CEA86752F25731E00925457 /* Enclave BridgeUITests */ = {
			isa = PBXNativeTarget;
			buildConfigurationList = 4CEA86862F25731E00925457 /* Build configuration list for PBXNativeTarget "Enclave BridgeUITests" */;
			buildPhases = (
				4CEA86722F25731E00925457 /* Sources */,
				4CEA86732F25731E00925457 /* Frameworks */,
				4CEA86742F25731E00925457 /* Resources */,
			);
			buildRules = (
			);
			dependencies = (
				4CEA86782F25731E00925457 /* PBXTargetDependency */,
			);
			fileSystemSynchronizedGroups = (
				4CEA86792F25731E00925457 /* EnclaveBridgeUITests */,
			);
			name = "Enclave BridgeUITests";
			packageProductDependencies = (
			);
			productName = EnclaveUITests;
			productReference = 4CEA86762F25731E00925457 /* Enclave BridgeUITests.xctest */;
			productType = "com.apple.product-type.bundle.ui-testing";
		};
/* End PBXNativeTarget section */

/* Begin PBXProject section */
		4CEA86522F25731D00925457 /* Project object */ = {
			isa = PBXProject;
			attributes = {
				BuildIndependentTargetsInParallel = 1;
				LastSwiftUpdateCheck = 2620;
				LastUpgradeCheck = 2620;
				TargetAttributes = {
					4CEA86592F25731D00925457 = {
						CreatedOnToolsVersion = 26.2;
					};
					4CEA866B2F25731E00925457 = {
						CreatedOnToolsVersion = 26.2;
						TestTargetID = 4CEA86592F25731D00925457;
					};
					4CEA86752F25731E00925457 = {
						CreatedOnToolsVersion = 26.2;
						TestTargetID = 4CEA86592F25731D00925457;
					};
				};
			};
			buildConfigurationList = 4CEA86552F25731D00925457 /* Build configuration list for PBXProject "Enclave Bridge" */;
			developmentRegion = en;
			hasScannedForEncodings = 0;
			knownRegions = (
				en,
				Base,
			);
			mainGroup = 4CEA86512F25731D00925457;
			minimizedProjectReferenceProxies = 1;
			packageReferences = (
				4C69E40C2F2584AC00B465F3 /* XCRemoteSwiftPackageReference "secp256k1" */,
			);
			preferredProjectObjectVersion = 77;
			productRefGroup = 4CEA865B2F25731D00925457 /* Products */;
			projectDirPath = "";
			projectRoot = "";
			targets = (
				4CEA86592F25731D00925457 /* Enclave Bridge */,
				4CEA866B2F25731E00925457 /* Enclave BridgeTests */,
				4CEA86752F25731E00925457 /* Enclave BridgeUITests */,
			);
		};
/* End PBXProject section */

/* Begin PBXResourcesBuildPhase section */
		4CEA86582F25731D00925457 /* Resources */ = {
			isa = PBXResourcesBuildPhase;
			buildActionMask = 2147483647;
			files = (
			);
			runOnlyForDeploymentPostprocessing = 0;
		};
		4CEA866A2F25731E00925457 /* Resources */ = {
			isa = PBXResourcesBuildPhase;
			buildActionMask = 2147483647;
			files = (
			);
			runOnlyForDeploymentPostprocessing = 0;
		};
		4CEA86742F25731E00925457 /* Resources */ = {
			isa = PBXResourcesBuildPhase;
			buildActionMask = 2147483647;
			files = (
			);
			runOnlyForDeploymentPostprocessing = 0;
		};
/* End PBXResourcesBuildPhase section */

/* Begin PBXSourcesBuildPhase section */
		4CEA86562F25731D00925457 /* Sources */ = {
			isa = PBXSourcesBuildPhase;
			buildActionMask = 2147483647;
			files = (
			);
			runOnlyForDeploymentPostprocessing = 0;
		};
		4CEA86682F25731E00925457 /* Sources */ = {
			isa = PBXSourcesBuildPhase;
			buildActionMask = 2147483647;
			files = (
			);
			runOnlyForDeploymentPostprocessing = 0;
		};
		4CEA86722F25731E00925457 /* Sources */ = {
			isa = PBXSourcesBuildPhase;
			buildActionMask = 2147483647;
			files = (
			);
			runOnlyForDeploymentPostprocessing = 0;
		};
/* End PBXSourcesBuildPhase section */

/* Begin PBXTargetDependency section */
		4CEA866E2F25731E00925457 /* PBXTargetDependency */ = {
			isa = PBXTargetDependency;
			target = 4CEA86592F25731D00925457 /* Enclave Bridge */;
			targetProxy = 4CEA866D2F25731E00925457 /* PBXContainerItemProxy */;
		};
		4CEA86782F25731E00925457 /* PBXTargetDependency */ = {
			isa = PBXTargetDependency;
			target = 4CEA86592F25731D00925457 /* Enclave Bridge */;
			targetProxy = 4CEA86772F25731E00925457 /* PBXContainerItemProxy */;
		};
/* End PBXTargetDependency section */

/* Begin XCBuildConfiguration section */
		4CEA867E2F25731E00925457 /* Debug */ = {
			isa = XCBuildConfiguration;
			buildSettings = {
				ALWAYS_SEARCH_USER_PATHS = NO;
				ASSETCATALOG_COMPILER_GENERATE_SWIFT_ASSET_SYMBOL_EXTENSIONS = YES;
				CLANG_ANALYZER_NONNULL = YES;
				CLANG_ANALYZER_NUMBER_OBJECT_CONVERSION = YES_AGGRESSIVE;
				CLANG_CXX_LANGUAGE_STANDARD = "gnu++20";
				CLANG_ENABLE_MODULES = YES;
				CLANG_ENABLE_OBJC_ARC = YES;
				CLANG_ENABLE_OBJC_WEAK = YES;
				CLANG_WARN_BLOCK_CAPTURE_AUTORELEASING = YES;
				CLANG_WARN_BOOL_CONVERSION = YES;
				CLANG_WARN_COMMA = YES;
				CLANG_WARN_CONSTANT_CONVERSION = YES;
				CLANG_WARN_DEPRECATED_OBJC_IMPLEMENTATIONS = YES;
				CLANG_WARN_DIRECT_OBJC_ISA_USAGE = YES_ERROR;
				CLANG_WARN_DOCUMENTATION_COMMENTS = YES;
				CLANG_WARN_EMPTY_BODY = YES;
				CLANG_WARN_ENUM_CONVERSION = YES;
				CLANG_WARN_INFINITE_RECURSION = YES;
				CLANG_WARN_INT_CONVERSION = YES;
				CLANG_WARN_NON_LITERAL_NULL_CONVERSION = YES;
				CLANG_WARN_OBJC_IMPLICIT_RETAIN_SELF = YES;
				CLANG_WARN_OBJC_LITERAL_CONVERSION = YES;
				CLANG_WARN_OBJC_ROOT_CLASS = YES_ERROR;
				CLANG_WARN_QUOTED_INCLUDE_IN_FRAMEWORK_HEADER = YES;
				CLANG_WARN_RANGE_LOOP_ANALYSIS = YES;
				CLANG_WARN_STRICT_PROTOTYPES = YES;
				CLANG_WARN_SUSPICIOUS_MOVE = YES;
				CLANG_WARN_UNGUARDED_AVAILABILITY = YES_AGGRESSIVE;
				CLANG_WARN_UNREACHABLE_CODE = YES;
				CLANG_WARN__DUPLICATE_METHOD_MATCH = YES;
				COPY_PHASE_STRIP = NO;
				DEBUG_INFORMATION_FORMAT = dwarf;
				DEVELOPMENT_TEAM = YB23AGASN3;
				ENABLE_STRICT_OBJC_MSGSEND = YES;
				ENABLE_TESTABILITY = YES;
				ENABLE_USER_SCRIPT_SANDBOXING = YES;
				GCC_C_LANGUAGE_STANDARD = gnu17;
				GCC_DYNAMIC_NO_PIC = NO;
				GCC_NO_COMMON_BLOCKS = YES;
				GCC_OPTIMIZATION_LEVEL = 0;
				GCC_PREPROCESSOR_DEFINITIONS = (
					"DEBUG=1",
					"$(inherited)",
				);
				GCC_WARN_64_TO_32_BIT_CONVERSION = YES;
				GCC_WARN_ABOUT_RETURN_TYPE = YES_ERROR;
				GCC_WARN_UNDECLARED_SELECTOR = YES;
				GCC_WARN_UNINITIALIZED_AUTOS = YES_AGGRESSIVE;
				GCC_WARN_UNUSED_FUNCTION = YES;
				GCC_WARN_UNUSED_VARIABLE = YES;
				"INFOPLIST_FILE[sdk=*]" = "";
				LOCALIZATION_PREFERS_STRING_CATALOGS = YES;
				MACOSX_DEPLOYMENT_TARGET = 26.2;
				MTL_ENABLE_DEBUG_INFO = INCLUDE_SOURCE;
				MTL_FAST_MATH = YES;
				ONLY_ACTIVE_ARCH = YES;
				PRODUCT_NAME = "Enclave Bridge";
				SDKROOT = macosx;
				SWIFT_ACTIVE_COMPILATION_CONDITIONS = "DEBUG $(inherited)";
				SWIFT_OPTIMIZATION_LEVEL = "-Onone";
			};
			name = Debug;
		};
		4CEA867F2F25731E00925457 /* Release */ = {
			isa = XCBuildConfiguration;
			buildSettings = {
				ALWAYS_SEARCH_USER_PATHS = NO;
				ASSETCATALOG_COMPILER_GENERATE_SWIFT_ASSET_SYMBOL_EXTENSIONS = YES;
				CLANG_ANALYZER_NONNULL = YES;
				CLANG_ANALYZER_NUMBER_OBJECT_CONVERSION = YES_AGGRESSIVE;
				CLANG_CXX_LANGUAGE_STANDARD = "gnu++20";
				CLANG_ENABLE_MODULES = YES;
				CLANG_ENABLE_OBJC_ARC = YES;
				CLANG_ENABLE_OBJC_WEAK = YES;
				CLANG_WARN_BLOCK_CAPTURE_AUTORELEASING = YES;
				CLANG_WARN_BOOL_CONVERSION = YES;
				CLANG_WARN_COMMA = YES;
				CLANG_WARN_CONSTANT_CONVERSION = YES;
				CLANG_WARN_DEPRECATED_OBJC_IMPLEMENTATIONS = YES;
				CLANG_WARN_DIRECT_OBJC_ISA_USAGE = YES_ERROR;
				CLANG_WARN_DOCUMENTATION_COMMENTS = YES;
				CLANG_WARN_EMPTY_BODY = YES;
				CLANG_WARN_ENUM_CONVERSION = YES;
				CLANG_WARN_INFINITE_RECURSION = YES;
				CLANG_WARN_INT_CONVERSION = YES;
				CLANG_WARN_NON_LITERAL_NULL_CONVERSION = YES;
				CLANG_WARN_OBJC_IMPLICIT_RETAIN_SELF = YES;
				CLANG_WARN_OBJC_LITERAL_CONVERSION = YES;
				CLANG_WARN_OBJC_ROOT_CLASS = YES_ERROR;
				CLANG_WARN_QUOTED_INCLUDE_IN_FRAMEWORK_HEADER = YES;
				CLANG_WARN_RANGE_LOOP_ANALYSIS = YES;
				CLANG_WARN_STRICT_PROTOTYPES = YES;
				CLANG_WARN_SUSPICIOUS_MOVE = YES;
				CLANG_WARN_UNGUARDED_AVAILABILITY = YES_AGGRESSIVE;
				CLANG_WARN_UNREACHABLE_CODE = YES;
				CLANG_WARN__DUPLICATE_METHOD_MATCH = YES;
				COPY_PHASE_STRIP = NO;
				DEBUG_INFORMATION_FORMAT = "dwarf-with-dsym";
				DEVELOPMENT_TEAM = YB23AGASN3;
				ENABLE_NS_ASSERTIONS = NO;
				ENABLE_STRICT_OBJC_MSGSEND = YES;
				ENABLE_USER_SCRIPT_SANDBOXING = YES;
				GCC_C_LANGUAGE_STANDARD = gnu17;
				GCC_NO_COMMON_BLOCKS = YES;
				GCC_WARN_64_TO_32_BIT_CONVERSION = YES;
				GCC_WARN_ABOUT_RETURN_TYPE = YES_ERROR;
				GCC_WARN_UNDECLARED_SELECTOR = YES;
				GCC_WARN_UNINITIALIZED_AUTOS = YES_AGGRESSIVE;
				GCC_WARN_UNUSED_FUNCTION = YES;
				GCC_WARN_UNUSED_VARIABLE = YES;
				INFOPLIST_FILE = "";
				LOCALIZATION_PREFERS_STRING_CATALOGS = YES;
				MACOSX_DEPLOYMENT_TARGET = 26.2;
				MTL_ENABLE_DEBUG_INFO = NO;
				MTL_FAST_MATH = YES;
				PRODUCT_NAME = "Enclave Bridge";
				SDKROOT = macosx;
				SWIFT_COMPILATION_MODE = wholemodule;
			};
			name = Release;
		};
		4CEA86812F25731E00925457 /* Debug */ = {
			isa = XCBuildConfiguration;
			buildSettings = {
				ASSETCATALOG_COMPILER_APPICON_NAME = AppIcon;
				ASSETCATALOG_COMPILER_GLOBAL_ACCENT_COLOR_NAME = AccentColor;
				"CODE_SIGN_IDENTITY[sdk=macosx*]" = "3rd Party Mac Developer Application";
				CODE_SIGN_STYLE = Manual;
				COMBINE_HIDPI_IMAGES = YES;
				CURRENT_PROJECT_VERSION = 1;
				DEVELOPMENT_TEAM = "";
				"DEVELOPMENT_TEAM[sdk=macosx*]" = YB23AGASN3;
				ENABLE_APP_SANDBOX = YES;
				ENABLE_HARDENED_RUNTIME = YES;
				ENABLE_PREVIEWS = YES;
				ENABLE_USER_SELECTED_FILES = readonly;
				GENERATE_INFOPLIST_FILE = YES;
				INFOPLIST_FILE = EnclaveBridge/Info.plist;
				INFOPLIST_KEY_LSApplicationCategoryType = "public.app-category.utilities";
				INFOPLIST_KEY_NSHumanReadableCopyright = "";
				LD_RUNPATH_SEARCH_PATHS = (
					"$(inherited)",
					"@executable_path/../Frameworks",
				);
				MARKETING_VERSION = 1.0.1;
				PRODUCT_BUNDLE_IDENTIFIER = com.JessicaMulein.EnclaveBridge;
				PRODUCT_NAME = "$(TARGET_NAME)";
				PROVISIONING_PROFILE_SPECIFIER = "";
				"PROVISIONING_PROFILE_SPECIFIER[sdk=macosx*]" = "Enclave Bridge";
				REGISTER_APP_GROUPS = YES;
				STRING_CATALOG_GENERATE_SYMBOLS = YES;
				SWIFT_APPROACHABLE_CONCURRENCY = YES;
				SWIFT_DEFAULT_ACTOR_ISOLATION = MainActor;
				SWIFT_EMIT_LOC_STRINGS = YES;
				SWIFT_UPCOMING_FEATURE_MEMBER_IMPORT_VISIBILITY = YES;
				SWIFT_VERSION = 5.0;
			};
			name = Debug;
		};
		4CEA86822F25731E00925457 /* Release */ = {
			isa = XCBuildConfiguration;
			buildSettings = {
				ASSETCATALOG_COMPILER_APPICON_NAME = AppIcon;
				ASSETCATALOG_COMPILER_GLOBAL_ACCENT_COLOR_NAME = AccentColor;
				"CODE_SIGN_IDENTITY[sdk=macosx*]" = "3rd Party Mac Developer Application";
				CODE_SIGN_STYLE = Manual;
				COMBINE_HIDPI_IMAGES = YES;
				CURRENT_PROJECT_VERSION = 1;
				DEVELOPMENT_TEAM = "";
				"DEVELOPMENT_TEAM[sdk=macosx*]" = YB23AGASN3;
				ENABLE_APP_SANDBOX = YES;
				ENABLE_HARDENED_RUNTIME = YES;
				ENABLE_PREVIEWS = YES;
				ENABLE_USER_SELECTED_FILES = readonly;
				GENERATE_INFOPLIST_FILE = YES;
				INFOPLIST_FILE = EnclaveBridge/Info.plist;
				INFOPLIST_KEY_LSApplicationCategoryType = "public.app-category.utilities";
				INFOPLIST_KEY_NSHumanReadableCopyright = "";
				LD_RUNPATH_SEARCH_PATHS = (
					"$(inherited)",
					"@executable_path/../Frameworks",
				);
				MARKETING_VERSION = 1.0.1;
				PRODUCT_BUNDLE_IDENTIFIER = com.JessicaMulein.EnclaveBridge;
				PRODUCT_NAME = "$(TARGET_NAME)";
				PROVISIONING_PROFILE_SPECIFIER = "";
				"PROVISIONING_PROFILE_SPECIFIER[sdk=macosx*]" = "Enclave Bridge";
				REGISTER_APP_GROUPS = YES;
				STRING_CATALOG_GENERATE_SYMBOLS = YES;
				SWIFT_APPROACHABLE_CONCURRENCY = YES;
				SWIFT_DEFAULT_ACTOR_ISOLATION = MainActor;
				SWIFT_EMIT_LOC_STRINGS = YES;
				SWIFT_UPCOMING_FEATURE_MEMBER_IMPORT_VISIBILITY = YES;
				SWIFT_VERSION = 5.0;
			};
			name = Release;
		};
		4CEA86842F25731E00925457 /* Debug */ = {
			isa = XCBuildConfiguration;
			buildSettings = {
				BUNDLE_LOADER = "$(TEST_HOST)";
				CODE_SIGN_STYLE = Automatic;
				CURRENT_PROJECT_VERSION = 1;
				DEVELOPMENT_TEAM = YB23AGASN3;
				GENERATE_INFOPLIST_FILE = YES;
				MACOSX_DEPLOYMENT_TARGET = 26.2;
				MARKETING_VERSION = 1.0.1;
				PRODUCT_BUNDLE_IDENTIFIER = com.JessicaMulein.EnclaveBridgeTests;
				PRODUCT_NAME = "$(TARGET_NAME)";
				STRING_CATALOG_GENERATE_SYMBOLS = NO;
				SWIFT_APPROACHABLE_CONCURRENCY = YES;
				SWIFT_EMIT_LOC_STRINGS = NO;
				SWIFT_UPCOMING_FEATURE_MEMBER_IMPORT_VISIBILITY = YES;
				SWIFT_VERSION = 5.0;
				TEST_HOST = "$(BUILT_PRODUCTS_DIR)/Enclave Bridge.app/$(BUNDLE_EXECUTABLE_FOLDER_PATH)/Enclave Bridge";
			};
			name = Debug;
		};
		4CEA86852F25731E00925457 /* Release */ = {
			isa = XCBuildConfiguration;
			buildSettings = {
				BUNDLE_LOADER = "$(TEST_HOST)";
				CODE_SIGN_STYLE = Automatic;
				CURRENT_PROJECT_VERSION = 1;
				DEVELOPMENT_TEAM = YB23AGASN3;
				GENERATE_INFOPLIST_FILE = YES;
				MACOSX_DEPLOYMENT_TARGET = 26.2;
				MARKETING_VERSION = 1.0.1;
				PRODUCT_BUNDLE_IDENTIFIER = com.JessicaMulein.EnclaveBridgeTests;
				PRODUCT_NAME = "$(TARGET_NAME)";
				STRING_CATALOG_GENERATE_SYMBOLS = NO;
				SWIFT_APPROACHABLE_CONCURRENCY = YES;
				SWIFT_EMIT_LOC_STRINGS = NO;
				SWIFT_UPCOMING_FEATURE_MEMBER_IMPORT_VISIBILITY = YES;
				SWIFT_VERSION = 5.0;
				TEST_HOST = "$(BUILT_PRODUCTS_DIR)/Enclave Bridge.app/$(BUNDLE_EXECUTABLE_FOLDER_PATH)/Enclave Bridge";
			};
			name = Release;
		};
		4CEA86872F25731E00925457 /* Debug */ = {
			isa = XCBuildConfiguration;
			buildSettings = {
				CODE_SIGN_STYLE = Automatic;
				CURRENT_PROJECT_VERSION = 1;
				DEVELOPMENT_TEAM = YB23AGASN3;
				GENERATE_INFOPLIST_FILE = YES;
				MARKETING_VERSION = 1.0.1;
				PRODUCT_BUNDLE_IDENTIFIER = com.JessicaMulein.EnclaveBridgeUITests;
				PRODUCT_NAME = "$(TARGET_NAME)";
				STRING_CATALOG_GENERATE_SYMBOLS = NO;
				SWIFT_APPROACHABLE_CONCURRENCY = YES;
				SWIFT_EMIT_LOC_STRINGS = NO;
				SWIFT_UPCOMING_FEATURE_MEMBER_IMPORT_VISIBILITY = YES;
				SWIFT_VERSION = 5.0;
				TEST_TARGET_NAME = Enclave;
			};
			name = Debug;
		};
		4CEA86882F25731E00925457 /* Release */ = {
			isa = XCBuildConfiguration;
			buildSettings = {
				CODE_SIGN_STYLE = Automatic;
				CURRENT_PROJECT_VERSION = 1;
				DEVELOPMENT_TEAM = YB23AGASN3;
				GENERATE_INFOPLIST_FILE = YES;
				MARKETING_VERSION = 1.0.1;
				PRODUCT_BUNDLE_IDENTIFIER = com.JessicaMulein.EnclaveBridgeUITests;
				PRODUCT_NAME = "$(TARGET_NAME)";
				STRING_CATALOG_GENERATE_SYMBOLS = NO;
				SWIFT_APPROACHABLE_CONCURRENCY = YES;
				SWIFT_EMIT_LOC_STRINGS = NO;
				SWIFT_UPCOMING_FEATURE_MEMBER_IMPORT_VISIBILITY = YES;
				SWIFT_VERSION = 5.0;
				TEST_TARGET_NAME = Enclave;
			};
			name = Release;
		};
/* End XCBuildConfiguration section */

/* Begin XCConfigurationList section */
		4CEA86552F25731D00925457 /* Build configuration list for PBXProject "Enclave Bridge" */ = {
			isa = XCConfigurationList;
			buildConfigurations = (
				4CEA867E2F25731E00925457 /* Debug */,
				4CEA867F2F25731E00925457 /* Release */,
			);
			defaultConfigurationIsVisible = 0;
			defaultConfigurationName = Release;
		};
		4CEA86802F25731E00925457 /* Build configuration list for PBXNativeTarget "Enclave Bridge" */ = {
			isa = XCConfigurationList;
			buildConfigurations = (
				4CEA86812F25731E00925457 /* Debug */,
				4CEA86822F25731E00925457 /* Release */,
			);
			defaultConfigurationIsVisible = 0;
			defaultConfigurationName = Release;
		};
		4CEA86832F25731E00925457 /* Build configuration list for PBXNativeTarget "Enclave BridgeTests" */ = {
			isa = XCConfigurationList;
			buildConfigurations = (
				4CEA86842F25731E00925457 /* Debug */,
				4CEA86852F25731E00925457 /* Release */,
			);
			defaultConfigurationIsVisible = 0;
			defaultConfigurationName = Release;
		};
		4CEA86862F25731E00925457 /* Build configuration list for PBXNativeTarget "Enclave BridgeUITests" */ = {
			isa = XCConfigurationList;
			buildConfigurations = (
				4CEA86872F25731E00925457 /* Debug */,
				4CEA86882F25731E00925457 /* Release */,
			);
			defaultConfigurationIsVisible = 0;
			defaultConfigurationName = Release;
		};
/* End XCConfigurationList section */

/* Begin XCRemoteSwiftPackageReference section */
		4C69E40C2F2584AC00B465F3 /* XCRemoteSwiftPackageReference "secp256k1" */ = {
			isa = XCRemoteSwiftPackageReference;
			repositoryURL = "https://github.com/GigaBitcoin/secp256k1.swift";
			requirement = {
				kind = upToNextMajorVersion;
				minimumVersion = 0.21.1;
			};
		};
/* End XCRemoteSwiftPackageReference section */

/* Begin XCSwiftPackageProductDependency section */
		4C69E40D2F2584AC00B465F3 /* P256K */ = {
			isa = XCSwiftPackageProductDependency;
			package = 4C69E40C2F2584AC00B465F3 /* XCRemoteSwiftPackageReference "secp256k1" */;
			productName = P256K;
		};
/* End XCSwiftPackageProductDependency section */
	};
	rootObject = 4CEA86522F25731D00925457 /* Project object */;
}
